
Microsoft Visual Studio Solution File, Format Version 12.00
# Visual Studio Version 17
VisualStudioVersion = 17.7.34018.315
MinimumVisualStudioVersion = 10.0.40219.1
Project("{FAE04EC0-301F-11D3-BF4B-00C04F79EFBC}") = "Layout", "Layout.csproj", "{A938234C-AC52-4A11-A220-1EAE0DC9FF24}"
EndProject
Global
	GlobalSection(SolutionConfigurationPlatforms) = preSolution
		Debug|Any CPU = Debug|Any CPU
		Release|Any CPU = Release|Any CPU
	EndGlobalSection
	GlobalSection(ProjectConfigurationPlatforms) = postSolution
		{A938234C-AC52-4A11-A220-1EAE0DC9FF24}.Debug|Any CPU.ActiveCfg = Debug|Any CPU
		{A938234C-AC52-4A11-A220-1EAE0DC9FF24}.Debug|Any CPU.Build.0 = Debug|Any CPU
		{A938234C-AC52-4A11-A220-1EAE0DC9FF24}.Release|Any CPU.ActiveCfg = Release|Any CPU
		{A938234C-AC52-4A11-A220-1EAE0DC9FF24}.Release|Any CPU.Build.0 = Release|Any CPU
	EndGlobalSection
	GlobalSection(SolutionProperties) = preSolution
		HideSolutionNode = FALSE
	EndGlobalSection
	GlobalSection(ExtensibilityGlobals) = postSolution
		SolutionGuid = {43A02218-9FEC-4F7C-8679-FCF2D05ED7D7}
	EndGlobalSection
EndGlobal
